// !$*UTF8*$!
{
	archiveVersion = 1;
	classes = {
	};
	objectVersion = 46;
	objects = {

/* Begin PBXBuildFile section */
		61C5412F1705A44000D2C948 /* UIKit.framework in Frameworks */ = {isa = PBXBuildFile; fileRef = 61C5412E1705A44000D2C948 /* UIKit.framework */; };
		61C541311705A44000D2C948 /* Foundation.framework in Frameworks */ = {isa = PBXBuildFile; fileRef = 61C541301705A44000D2C948 /* Foundation.framework */; };
		61C541331705A44000D2C948 /* CoreGraphics.framework in Frameworks */ = {isa = PBXBuildFile; fileRef = 61C541321705A44000D2C948 /* CoreGraphics.framework */; };
		61C541391705A44000D2C948 /* InfoPlist.strings in Resources */ = {isa = PBXBuildFile; fileRef = 61C541371705A44000D2C948 /* InfoPlist.strings */; };
		61C5413B1705A44000D2C948 /* main.m in Sources */ = {isa = PBXBuildFile; fileRef = 61C5413A1705A44000D2C948 /* main.m */; };
		61C5413F1705A44000D2C948 /* AppDelegate.m in Sources */ = {isa = PBXBuildFile; fileRef = 61C5413E1705A44000D2C948 /* AppDelegate.m */; };
		61C541411705A44000D2C948 /* Default.png in Resources */ = {isa = PBXBuildFile; fileRef = 61C541401705A44000D2C948 /* Default.png */; };
		61C541431705A44000D2C948 /* Default@2x.png in Resources */ = {isa = PBXBuildFile; fileRef = 61C541421705A44000D2C948 /* Default@2x.png */; };
		61C541451705A44000D2C948 /* Default-568h@2x.png in Resources */ = {isa = PBXBuildFile; fileRef = 61C541441705A44000D2C948 /* Default-568h@2x.png */; };
		61C541481705A44000D2C948 /* ViewController.m in Sources */ = {isa = PBXBuildFile; fileRef = 61C541471705A44000D2C948 /* ViewController.m */; };
		61C5414B1705A44000D2C948 /* ViewController.xib in Resources */ = {isa = PBXBuildFile; fileRef = 61C541491705A44000D2C948 /* ViewController.xib */; };
		61C541551705C21700D2C948 /* ErrorAlertView.m in Sources */ = {isa = PBXBuildFile; fileRef = 61C541521705C21700D2C948 /* ErrorAlertView.m */; };
/* End PBXBuildFile section */

/* Begin PBXFileReference section */
		61C5412B1705A44000D2C948 /* SomethingIsUp.app */ = {isa = PBXFileReference; explicitFileType = wrapper.application; includeInIndex = 0; path = SomethingIsUp.app; sourceTree = BUILT_PRODUCTS_DIR; };
		61C5412E1705A44000D2C948 /* UIKit.framework */ = {isa = PBXFileReference; lastKnownFileType = wrapper.framework; name = UIKit.framework; path = System/Library/Frameworks/UIKit.framework; sourceTree = SDKROOT; };
		61C541301705A44000D2C948 /* Foundation.framework */ = {isa = PBXFileReference; lastKnownFileType = wrapper.framework; name = Foundation.framework; path = System/Library/Frameworks/Foundation.framework; sourceTree = SDKROOT; };
		61C541321705A44000D2C948 /* CoreGraphics.framework */ = {isa = PBXFileReference; lastKnownFileType = wrapper.framework; name = CoreGraphics.framework; path = System/Library/Frameworks/CoreGraphics.framework; sourceTree = SDKROOT; };
		61C541361705A44000D2C948 /* SomethingIsUp-Info.plist */ = {isa = PBXFileReference; lastKnownFileType = text.plist.xml; path = "SomethingIsUp-Info.plist"; sourceTree = "<group>"; };
		61C541381705A44000D2C948 /* en */ = {isa = PBXFileReference; lastKnownFileType = text.plist.strings; name = en; path = en.lproj/InfoPlist.strings; sourceTree = "<group>"; };
		61C5413A1705A44000D2C948 /* main.m */ = {isa = PBXFileReference; lastKnownFileType = sourcecode.c.objc; path = main.m; sourceTree = "<group>"; };
		61C5413C1705A44000D2C948 /* SomethingIsUp-Prefix.pch */ = {isa = PBXFileReference; lastKnownFileType = sourcecode.c.h; path = "SomethingIsUp-Prefix.pch"; sourceTree = "<group>"; };
		61C5413D1705A44000D2C948 /* AppDelegate.h */ = {isa = PBXFileReference; lastKnownFileType = sourcecode.c.h; path = AppDelegate.h; sourceTree = "<group>"; };
		61C5413E1705A44000D2C948 /* AppDelegate.m */ = {isa = PBXFileReference; lastKnownFileType = sourcecode.c.objc; path = AppDelegate.m; sourceTree = "<group>"; };
		61C541401705A44000D2C948 /* Default.png */ = {isa = PBXFileReference; lastKnownFileType = image.png; path = Default.png; sourceTree = "<group>"; };
		61C541421705A44000D2C948 /* Default@2x.png */ = {isa = PBXFileReference; lastKnownFileType = image.png; path = "Default@2x.png"; sourceTree = "<group>"; };
		61C541441705A44000D2C948 /* Default-568h@2x.png */ = {isa = PBXFileReference; lastKnownFileType = image.png; path = "Default-568h@2x.png"; sourceTree = "<group>"; };
		61C541461705A44000D2C948 /* ViewController.h */ = {isa = PBXFileReference; lastKnownFileType = sourcecode.c.h; path = ViewController.h; sourceTree = "<group>"; };
		61C541471705A44000D2C948 /* ViewController.m */ = {isa = PBXFileReference; lastKnownFileType = sourcecode.c.objc; path = ViewController.m; sourceTree = "<group>"; };
		61C5414A1705A44000D2C948 /* en */ = {isa = PBXFileReference; lastKnownFileType = file.xib; name = en; path = en.lproj/ViewController.xib; sourceTree = "<group>"; };
		61C541511705C21700D2C948 /* ErrorAlertView.h */ = {isa = PBXFileReference; fileEncoding = 4; lastKnownFileType = sourcecode.c.h; path = ErrorAlertView.h; sourceTree = "<group>"; };
		61C541521705C21700D2C948 /* ErrorAlertView.m */ = {isa = PBXFileReference; fileEncoding = 4; lastKnownFileType = sourcecode.c.objc; path = ErrorAlertView.m; sourceTree = "<group>"; };
/* End PBXFileReference section */

/* Begin PBXFrameworksBuildPhase section */
		61C541281705A44000D2C948 /* Frameworks */ = {
			isa = PBXFrameworksBuildPhase;
			buildActionMask = 2147483647;
			files = (
				61C5412F1705A44000D2C948 /* UIKit.framework in Frameworks */,
				61C541311705A44000D2C948 /* Foundation.framework in Frameworks */,
				61C541331705A44000D2C948 /* CoreGraphics.framework in Frameworks */,
			);
			runOnlyForDeploymentPostprocessing = 0;
		};
/* End PBXFrameworksBuildPhase section */

/* Begin PBXGroup section */
		61C541221705A44000D2C948 = {
			isa = PBXGroup;
			children = (
				61C541341705A44000D2C948 /* SomethingIsUp */,
				61C5412D1705A44000D2C948 /* Frameworks */,
				61C5412C1705A44000D2C948 /* Products */,
			);
			sourceTree = "<group>";
		};
		61C5412C1705A44000D2C948 /* Products */ = {
			isa = PBXGroup;
			children = (
				61C5412B1705A44000D2C948 /* SomethingIsUp.app */,
			);
			name = Products;
			sourceTree = "<group>";
		};
		61C5412D1705A44000D2C948 /* Frameworks */ = {
			isa = PBXGroup;
			children = (
				61C5412E1705A44000D2C948 /* UIKit.framework */,
				61C541301705A44000D2C948 /* Foundation.framework */,
				61C541321705A44000D2C948 /* CoreGraphics.framework */,
			);
			name = Frameworks;
			sourceTree = "<group>";
		};
		61C541341705A44000D2C948 /* SomethingIsUp */ = {
			isa = PBXGroup;
			children = (
				61C541511705C21700D2C948 /* ErrorAlertView.h */,
				61C541521705C21700D2C948 /* ErrorAlertView.m */,
				61C5413D1705A44000D2C948 /* AppDelegate.h */,
				61C5413E1705A44000D2C948 /* AppDelegate.m */,
				61C541461705A44000D2C948 /* ViewController.h */,
				61C541471705A44000D2C948 /* ViewController.m */,
				61C541491705A44000D2C948 /* ViewController.xib */,
				61C541351705A44000D2C948 /* Supporting Files */,
			);
			path = SomethingIsUp;
			sourceTree = "<group>";
		};
		61C541351705A44000D2C948 /* Supporting Files */ = {
			isa = PBXGroup;
			children = (
				61C541361705A44000D2C948 /* SomethingIsUp-Info.plist */,
				61C541371705A44000D2C948 /* InfoPlist.strings */,
				61C5413A1705A44000D2C948 /* main.m */,
				61C5413C1705A44000D2C948 /* SomethingIsUp-Prefix.pch */,
				61C541401705A44000D2C948 /* Default.png */,
				61C541421705A44000D2C948 /* Default@2x.png */,
				61C541441705A44000D2C948 /* Default-568h@2x.png */,
			);
			name = "Supporting Files";
			sourceTree = "<group>";
		};
/* End PBXGroup section */

/* Begin PBXNativeTarget section */
		61C5412A1705A44000D2C948 /* SomethingIsUp */ = {
			isa = PBXNativeTarget;
			buildConfigurationList = 61C5414E1705A44000D2C948 /* Build configuration list for PBXNativeTarget "SomethingIsUp" */;
			buildPhases = (
				61C541271705A44000D2C948 /* Sources */,
				61C541281705A44000D2C948 /* Frameworks */,
				61C541291705A44000D2C948 /* Resources */,
			);
			buildRules = (
			);
			dependencies = (
			);
			name = SomethingIsUp;
			productName = SomethingIsUp;
			productReference = 61C5412B1705A44000D2C948 /* SomethingIsUp.app */;
			productType = "com.apple.product-type.application";
		};
/* End PBXNativeTarget section */

/* Begin PBXProject section */
		61C541231705A44000D2C948 /* Project object */ = {
			isa = PBXProject;
			attributes = {
				LastUpgradeCheck = 0460;
				ORGANIZATIONNAME = Rhinofly;
			};
			buildConfigurationList = 61C541261705A44000D2C948 /* Build configuration list for PBXProject "SomethingIsUp" */;
			compatibilityVersion = "Xcode 3.2";
			developmentRegion = English;
			hasScannedForEncodings = 0;
			knownRegions = (
				en,
			);
			mainGroup = 61C541221705A44000D2C948;
			productRefGroup = 61C5412C1705A44000D2C948 /* Products */;
			projectDirPath = "";
			projectRoot = "";
			targets = (
				61C5412A1705A44000D2C948 /* SomethingIsUp */,
			);
		};
/* End PBXProject section */

/* Begin PBXResourcesBuildPhase section */
		61C541291705A44000D2C948 /* Resources */ = {
			isa = PBXResourcesBuildPhase;
			buildActionMask = 2147483647;
			files = (
				61C541391705A44000D2C948 /* InfoPlist.strings in Resources */,
				61C541411705A44000D2C948 /* Default.png in Resources */,
				61C541431705A44000D2C948 /* Default@2x.png in Resources */,
				61C541451705A44000D2C948 /* Default-568h@2x.png in Resources */,
				61C5414B1705A44000D2C948 /* ViewController.xib in Resources */,
			);
			runOnlyForDeploymentPostprocessing = 0;
		};
/* End PBXResourcesBuildPhase section */

/* Begin PBXSourcesBuildPhase section */
		61C541271705A44000D2C948 /* Sources */ = {
			isa = PBXSourcesBuildPhase;
			buildActionMask = 2147483647;
			files = (
				61C5413B1705A44000D2C948 /* main.m in Sources */,
				61C5413F1705A44000D2C948 /* AppDelegate.m in Sources */,
				61C541481705A44000D2C948 /* ViewController.m in Sources */,
				61C541551705C21700D2C948 /* ErrorAlertView.m in Sources */,
			);
			runOnlyForDeploymentPostprocessing = 0;
		};
/* End PBXSourcesBuildPhase section */

/* Begin PBXVariantGroup section */
		61C541371705A44000D2C948 /* InfoPlist.strings */ = {
			isa = PBXVariantGroup;
			children = (
				61C541381705A44000D2C948 /* en */,
			);
			name = InfoPlist.strings;
			sourceTree = "<group>";
		};
		61C541491705A44000D2C948 /* ViewController.xib */ = {
			isa = PBXVariantGroup;
			children = (
				61C5414A1705A44000D2C948 /* en */,
			);
			name = ViewController.xib;
			sourceTree = "<group>";
		};
/* End PBXVariantGroup section */

/* Begin XCBuildConfiguration section */
		61C5414C1705A44000D2C948 /* Debug */ = {
			isa = XCBuildConfiguration;
			buildSettings = {
				ALWAYS_SEARCH_USER_PATHS = NO;
				CLANG_CXX_LANGUAGE_STANDARD = "gnu++0x";
				CLANG_CXX_LIBRARY = "libc++";
				CLANG_ENABLE_OBJC_ARC = YES;
				CLANG_WARN_CONSTANT_CONVERSION = YES;
				CLANG_WARN_EMPTY_BODY = YES;
				CLANG_WARN_ENUM_CONVERSION = YES;
				CLANG_WARN_INT_CONVERSION = YES;
				CLANG_WARN__DUPLICATE_METHOD_MATCH = YES;
				"CODE_SIGN_IDENTITY[sdk=iphoneos*]" = "iPhone Developer";
				COPY_PHASE_STRIP = NO;
				GCC_C_LANGUAGE_STANDARD = gnu99;
				GCC_DYNAMIC_NO_PIC = NO;
				GCC_OPTIMIZATION_LEVEL = 0;
				GCC_PREPROCESSOR_DEFINITIONS = (
					"DEBUG=1",
					"$(inherited)",
				);
				GCC_SYMBOLS_PRIVATE_EXTERN = NO;
				GCC_WARN_ABOUT_RETURN_TYPE = YES;
				GCC_WARN_UNINITIALIZED_AUTOS = YES;
				GCC_WARN_UNUSED_VARIABLE = YES;
				IPHONEOS_DEPLOYMENT_TARGET = 6.1;
				ONLY_ACTIVE_ARCH = YES;
				SDKROOT = iphoneos;
			};
			name = Debug;
		};
		61C5414D1705A44000D2C948 /* Release */ = {
			isa = XCBuildConfiguration;
			buildSettings = {
				ALWAYS_SEARCH_USER_PATHS = NO;
				CLANG_CXX_LANGUAGE_STANDARD = "gnu++0x";
				CLANG_CXX_LIBRARY = "libc++";
				CLANG_ENABLE_OBJC_ARC = YES;
				CLANG_WARN_CONSTANT_CONVERSION = YES;
				CLANG_WARN_EMPTY_BODY = YES;
				CLANG_WARN_ENUM_CONVERSION = YES;
				CLANG_WARN_INT_CONVERSION = YES;
				CLANG_WARN__DUPLICATE_METHOD_MATCH = YES;
				"CODE_SIGN_IDENTITY[sdk=iphoneos*]" = "iPhone Developer";
				COPY_PHASE_STRIP = YES;
				GCC_C_LANGUAGE_STANDARD = gnu99;
				GCC_WARN_ABOUT_RETURN_TYPE = YES;
				GCC_WARN_UNINITIALIZED_AUTOS = YES;
				GCC_WARN_UNUSED_VARIABLE = YES;
				IPHONEOS_DEPLOYMENT_TARGET = 6.1;
				OTHER_CFLAGS = "-DNS_BLOCK_ASSERTIONS=1";
				SDKROOT = iphoneos;
				VALIDATE_PRODUCT = YES;
			};
			name = Release;
		};
		61C5414F1705A44000D2C948 /* Debug */ = {
			isa = XCBuildConfiguration;
			buildSettings = {
				GCC_PRECOMPILE_PREFIX_HEADER = YES;
				GCC_PREFIX_HEADER = "SomethingIsUp/SomethingIsUp-Prefix.pch";
				INFOPLIST_FILE = "SomethingIsUp/SomethingIsUp-Info.plist";
				PRODUCT_NAME = "$(TARGET_NAME)";
				WRAPPER_EXTENSION = app;
			};
			name = Debug;
		};
		61C541501705A44000D2C948 /* Release */ = {
			isa = XCBuildConfiguration;
			buildSettings = {
				GCC_PRECOMPILE_PREFIX_HEADER = YES;
				GCC_PREFIX_HEADER = "SomethingIsUp/SomethingIsUp-Prefix.pch";
				INFOPLIST_FILE = "SomethingIsUp/SomethingIsUp-Info.plist";
				PRODUCT_NAME = "$(TARGET_NAME)";
				WRAPPER_EXTENSION = app;
			};
			name = Release;
		};
/* End XCBuildConfiguration section */

/* Begin XCConfigurationList section */
		61C541261705A44000D2C948 /* Build configuration list for PBXProject "SomethingIsUp" */ = {
			isa = XCConfigurationList;
			buildConfigurations = (
				61C5414C1705A44000D2C948 /* Debug */,
				61C5414D1705A44000D2C948 /* Release */,
			);
			defaultConfigurationIsVisible = 0;
			defaultConfigurationName = Release;
		};
		61C5414E1705A44000D2C948 /* Build configuration list for PBXNativeTarget "SomethingIsUp" */ = {
			isa = XCConfigurationList;
			buildConfigurations = (
				61C5414F1705A44000D2C948 /* Debug */,
				61C541501705A44000D2C948 /* Release */,
			);
			defaultConfigurationIsVisible = 0;
			defaultConfigurationName = Release;
		};
/* End XCConfigurationList section */
	};
	rootObject = 61C541231705A44000D2C948 /* Project object */;
}
